
Microsoft Visual Studio Solution File, Format Version 12.00
# Visual Studio Version 17
VisualStudioVersion = 17.8.34525.116
MinimumVisualStudioVersion = 10.0.40219.1
Project("{888888A0-9F3D-457C-B088-3A5042F75D52}") = "Quiz_App", "Quiz_App\Quiz_App.pyproj", "{29447156-085A-4AC7-AAD9-DAEDE412DA6F}"
EndProject
Project("{2150E333-8FDC-42A3-9474-1A3956D46DE8}") = "Solution Items", "Solution Items", "{62119BAD-1CDF-464B-8BA8-8CF553F6D362}"
EndProject
Global
	GlobalSection(SolutionConfigurationPlatforms) = preSolution
		Debug|Any CPU = Debug|Any CPU
		Release|Any CPU = Release|Any CPU
	EndGlobalSection
	GlobalSection(ProjectConfigurationPlatforms) = postSolution
		{29447156-085A-4AC7-AAD9-DAEDE412DA6F}.Debug|Any CPU.ActiveCfg = Debug|Any CPU
		{29447156-085A-4AC7-AAD9-DAEDE412DA6F}.Release|Any CPU.ActiveCfg = Release|Any CPU
	EndGlobalSection
	GlobalSection(SolutionProperties) = preSolution
		HideSolutionNode = FALSE
	EndGlobalSection
	GlobalSection(ExtensibilityGlobals) = postSolution
		SolutionGuid = {82EF6606-17E6-49FA-8606-3883CB994526}
	EndGlobalSection
EndGlobal
